// !$*UTF8*$!
{
	archiveVersion = 1;
	classes = {
	};
	objectVersion = 55;
	objects = {

/* Begin PBXBuildFile section */
		82DCDC60288940F60056AB83 /* AppDelegate.swift in Sources */ = {isa = PBXBuildFile; fileRef = 82DCDC5F288940F60056AB83 /* AppDelegate.swift */; };
		82DCDC62288940F60056AB83 /* SceneDelegate.swift in Sources */ = {isa = PBXBuildFile; fileRef = 82DCDC61288940F60056AB83 /* SceneDelegate.swift */; };
		82DCDC64288940F60056AB83 /* ConversationsController.swift in Sources */ = {isa = PBXBuildFile; fileRef = 82DCDC63288940F60056AB83 /* ConversationsController.swift */; };
		82DCDC67288940F60056AB83 /* Main.storyboard in Resources */ = {isa = PBXBuildFile; fileRef = 82DCDC65288940F60056AB83 /* Main.storyboard */; };
		82DCDC69288940F80056AB83 /* Assets.xcassets in Resources */ = {isa = PBXBuildFile; fileRef = 82DCDC68288940F80056AB83 /* Assets.xcassets */; };
		82DCDC6C288940F80056AB83 /* LaunchScreen.storyboard in Resources */ = {isa = PBXBuildFile; fileRef = 82DCDC6A288940F80056AB83 /* LaunchScreen.storyboard */; };
		82DCDC79288941730056AB83 /* Extensions.swift in Sources */ = {isa = PBXBuildFile; fileRef = 82DCDC78288941730056AB83 /* Extensions.swift */; };
		82DCDC7C288941B80056AB83 /* PhotovViewerViewController.swift in Sources */ = {isa = PBXBuildFile; fileRef = 82DCDC7B288941B80056AB83 /* PhotovViewerViewController.swift */; };
		82DCDC7E288941C60056AB83 /* VideoPlayerViewController.swift in Sources */ = {isa = PBXBuildFile; fileRef = 82DCDC7D288941C60056AB83 /* VideoPlayerViewController.swift */; };
		82DCDC80288941D30056AB83 /* NewConversationViewController.swift in Sources */ = {isa = PBXBuildFile; fileRef = 82DCDC7F288941D30056AB83 /* NewConversationViewController.swift */; };
		82DCDC82288941E20056AB83 /* ProfileViewController.swift in Sources */ = {isa = PBXBuildFile; fileRef = 82DCDC81288941E20056AB83 /* ProfileViewController.swift */; };
		82DCDC84288941ED0056AB83 /* LoginViewController.swift in Sources */ = {isa = PBXBuildFile; fileRef = 82DCDC83288941ED0056AB83 /* LoginViewController.swift */; };
		82DCDC86288941F60056AB83 /* RegisterViewController.swift in Sources */ = {isa = PBXBuildFile; fileRef = 82DCDC85288941F60056AB83 /* RegisterViewController.swift */; };
/* End PBXBuildFile section */

/* Begin PBXFileReference section */
		82DCDC5C288940F60056AB83 /* Messenger.app */ = {isa = PBXFileReference; explicitFileType = wrapper.application; includeInIndex = 0; path = Messenger.app; sourceTree = BUILT_PRODUCTS_DIR; };
		82DCDC5F288940F60056AB83 /* AppDelegate.swift */ = {isa = PBXFileReference; lastKnownFileType = sourcecode.swift; path = AppDelegate.swift; sourceTree = "<group>"; };
		82DCDC61288940F60056AB83 /* SceneDelegate.swift */ = {isa = PBXFileReference; lastKnownFileType = sourcecode.swift; path = SceneDelegate.swift; sourceTree = "<group>"; };
		82DCDC63288940F60056AB83 /* ConversationsController.swift */ = {isa = PBXFileReference; lastKnownFileType = sourcecode.swift; path = ConversationsController.swift; sourceTree = "<group>"; };
		82DCDC66288940F60056AB83 /* Base */ = {isa = PBXFileReference; lastKnownFileType = file.storyboard; name = Base; path = Base.lproj/Main.storyboard; sourceTree = "<group>"; };
		82DCDC68288940F80056AB83 /* Assets.xcassets */ = {isa = PBXFileReference; lastKnownFileType = folder.assetcatalog; path = Assets.xcassets; sourceTree = "<group>"; };
		82DCDC6B288940F80056AB83 /* Base */ = {isa = PBXFileReference; lastKnownFileType = file.storyboard; name = Base; path = Base.lproj/LaunchScreen.storyboard; sourceTree = "<group>"; };
		82DCDC6D288940F80056AB83 /* Info.plist */ = {isa = PBXFileReference; lastKnownFileType = text.plist.xml; path = Info.plist; sourceTree = "<group>"; };
		82DCDC78288941730056AB83 /* Extensions.swift */ = {isa = PBXFileReference; lastKnownFileType = sourcecode.swift; path = Extensions.swift; sourceTree = "<group>"; };
		82DCDC7B288941B80056AB83 /* PhotovViewerViewController.swift */ = {isa = PBXFileReference; lastKnownFileType = sourcecode.swift; path = PhotovViewerViewController.swift; sourceTree = "<group>"; };
		82DCDC7D288941C60056AB83 /* VideoPlayerViewController.swift */ = {isa = PBXFileReference; lastKnownFileType = sourcecode.swift; path = VideoPlayerViewController.swift; sourceTree = "<group>"; };
		82DCDC7F288941D30056AB83 /* NewConversationViewController.swift */ = {isa = PBXFileReference; lastKnownFileType = sourcecode.swift; path = NewConversationViewController.swift; sourceTree = "<group>"; };
		82DCDC81288941E20056AB83 /* ProfileViewController.swift */ = {isa = PBXFileReference; lastKnownFileType = sourcecode.swift; path = ProfileViewController.swift; sourceTree = "<group>"; };
		82DCDC83288941ED0056AB83 /* LoginViewController.swift */ = {isa = PBXFileReference; lastKnownFileType = sourcecode.swift; path = LoginViewController.swift; sourceTree = "<group>"; };
		82DCDC85288941F60056AB83 /* RegisterViewController.swift */ = {isa = PBXFileReference; lastKnownFileType = sourcecode.swift; path = RegisterViewController.swift; sourceTree = "<group>"; };
/* End PBXFileReference section */

/* Begin PBXFrameworksBuildPhase section */
		82DCDC59288940F60056AB83 /* Frameworks */ = {
			isa = PBXFrameworksBuildPhase;
			buildActionMask = 2147483647;
			files = (
			);
			runOnlyForDeploymentPostprocessing = 0;
		};
/* End PBXFrameworksBuildPhase section */

/* Begin PBXGroup section */
		82DCDC53288940F50056AB83 = {
			isa = PBXGroup;
			children = (
				82DCDC5E288940F60056AB83 /* Messenger */,
				82DCDC5D288940F60056AB83 /* Products */,
			);
			sourceTree = "<group>";
		};
		82DCDC5D288940F60056AB83 /* Products */ = {
			isa = PBXGroup;
			children = (
				82DCDC5C288940F60056AB83 /* Messenger.app */,
			);
			name = Products;
			sourceTree = "<group>";
		};
		82DCDC5E288940F60056AB83 /* Messenger */ = {
			isa = PBXGroup;
			children = (
				82DCDC77288941570056AB83 /* Resources */,
				82DCDC762889414F0056AB83 /* ViewModels */,
				82DCDC75288941490056AB83 /* Models */,
				82DCDC74288941390056AB83 /* Views */,
				82DCDC73288941260056AB83 /* Controllers */,
				82DCDC68288940F80056AB83 /* Assets.xcassets */,
				82DCDC6D288940F80056AB83 /* Info.plist */,
			);
			path = Messenger;
			sourceTree = "<group>";
		};
		82DCDC73288941260056AB83 /* Controllers */ = {
			isa = PBXGroup;
			children = (
				82DCDC63288940F60056AB83 /* ConversationsController.swift */,
				82DCDC7A288941A00056AB83 /* Login */,
				82DCDC7B288941B80056AB83 /* PhotovViewerViewController.swift */,
				82DCDC7D288941C60056AB83 /* VideoPlayerViewController.swift */,
				82DCDC7F288941D30056AB83 /* NewConversationViewController.swift */,
				82DCDC81288941E20056AB83 /* ProfileViewController.swift */,
			);
			path = Controllers;
			sourceTree = "<group>";
		};
		82DCDC74288941390056AB83 /* Views */ = {
			isa = PBXGroup;
			children = (
				82DCDC65288940F60056AB83 /* Main.storyboard */,
				82DCDC6A288940F80056AB83 /* LaunchScreen.storyboard */,
			);
			path = Views;
			sourceTree = "<group>";
		};
		82DCDC75288941490056AB83 /* Models */ = {
			isa = PBXGroup;
			children = (
			);
			path = Models;
			sourceTree = "<group>";
		};
		82DCDC762889414F0056AB83 /* ViewModels */ = {
			isa = PBXGroup;
			children = (
			);
			path = ViewModels;
			sourceTree = "<group>";
		};
		82DCDC77288941570056AB83 /* Resources */ = {
			isa = PBXGroup;
			children = (
				82DCDC5F288940F60056AB83 /* AppDelegate.swift */,
				82DCDC61288940F60056AB83 /* SceneDelegate.swift */,
				82DCDC78288941730056AB83 /* Extensions.swift */,
			);
			path = Resources;
			sourceTree = "<group>";
		};
		82DCDC7A288941A00056AB83 /* Login */ = {
			isa = PBXGroup;
			children = (
				82DCDC83288941ED0056AB83 /* LoginViewController.swift */,
				82DCDC85288941F60056AB83 /* RegisterViewController.swift */,
			);
			path = Login;
			sourceTree = "<group>";
		};
/* End PBXGroup section */

/* Begin PBXNativeTarget section */
		82DCDC5B288940F60056AB83 /* Messenger */ = {
			isa = PBXNativeTarget;
			buildConfigurationList = 82DCDC70288940F80056AB83 /* Build configuration list for PBXNativeTarget "Messenger" */;
			buildPhases = (
				82DCDC58288940F60056AB83 /* Sources */,
				82DCDC59288940F60056AB83 /* Frameworks */,
				82DCDC5A288940F60056AB83 /* Resources */,
			);
			buildRules = (
			);
			dependencies = (
			);
			name = Messenger;
			productName = Messenger;
			productReference = 82DCDC5C288940F60056AB83 /* Messenger.app */;
			productType = "com.apple.product-type.application";
		};
/* End PBXNativeTarget section */

/* Begin PBXProject section */
		82DCDC54288940F50056AB83 /* Project object */ = {
			isa = PBXProject;
			attributes = {
				BuildIndependentTargetsInParallel = 1;
				LastSwiftUpdateCheck = 1320;
				LastUpgradeCheck = 1320;
				TargetAttributes = {
					82DCDC5B288940F60056AB83 = {
						CreatedOnToolsVersion = 13.2.1;
					};
				};
			};
			buildConfigurationList = 82DCDC57288940F50056AB83 /* Build configuration list for PBXProject "Messenger" */;
			compatibilityVersion = "Xcode 13.0";
			developmentRegion = en;
			hasScannedForEncodings = 0;
			knownRegions = (
				en,
				Base,
			);
			mainGroup = 82DCDC53288940F50056AB83;
			productRefGroup = 82DCDC5D288940F60056AB83 /* Products */;
			projectDirPath = "";
			projectRoot = "";
			targets = (
				82DCDC5B288940F60056AB83 /* Messenger */,
			);
		};
/* End PBXProject section */

/* Begin PBXResourcesBuildPhase section */
		82DCDC5A288940F60056AB83 /* Resources */ = {
			isa = PBXResourcesBuildPhase;
			buildActionMask = 2147483647;
			files = (
				82DCDC6C288940F80056AB83 /* LaunchScreen.storyboard in Resources */,
				82DCDC69288940F80056AB83 /* Assets.xcassets in Resources */,
				82DCDC67288940F60056AB83 /* Main.storyboard in Resources */,
			);
			runOnlyForDeploymentPostprocessing = 0;
		};
/* End PBXResourcesBuildPhase section */

/* Begin PBXSourcesBuildPhase section */
		82DCDC58288940F60056AB83 /* Sources */ = {
			isa = PBXSourcesBuildPhase;
			buildActionMask = 2147483647;
			files = (
				82DCDC84288941ED0056AB83 /* LoginViewController.swift in Sources */,
				82DCDC86288941F60056AB83 /* RegisterViewController.swift in Sources */,
				82DCDC7C288941B80056AB83 /* PhotovViewerViewController.swift in Sources */,
				82DCDC80288941D30056AB83 /* NewConversationViewController.swift in Sources */,
				82DCDC64288940F60056AB83 /* ConversationsController.swift in Sources */,
				82DCDC60288940F60056AB83 /* AppDelegate.swift in Sources */,
				82DCDC7E288941C60056AB83 /* VideoPlayerViewController.swift in Sources */,
				82DCDC62288940F60056AB83 /* SceneDelegate.swift in Sources */,
				82DCDC82288941E20056AB83 /* ProfileViewController.swift in Sources */,
				82DCDC79288941730056AB83 /* Extensions.swift in Sources */,
			);
			runOnlyForDeploymentPostprocessing = 0;
		};
/* End PBXSourcesBuildPhase section */

/* Begin PBXVariantGroup section */
		82DCDC65288940F60056AB83 /* Main.storyboard */ = {
			isa = PBXVariantGroup;
			children = (
				82DCDC66288940F60056AB83 /* Base */,
			);
			name = Main.storyboard;
			sourceTree = "<group>";
		};
		82DCDC6A288940F80056AB83 /* LaunchScreen.storyboard */ = {
			isa = PBXVariantGroup;
			children = (
				82DCDC6B288940F80056AB83 /* Base */,
			);
			name = LaunchScreen.storyboard;
			sourceTree = "<group>";
		};
/* End PBXVariantGroup section */

/* Begin XCBuildConfiguration section */
		82DCDC6E288940F80056AB83 /* Debug */ = {
			isa = XCBuildConfiguration;
			buildSettings = {
				ALWAYS_SEARCH_USER_PATHS = NO;
				CLANG_ANALYZER_NONNULL = YES;
				CLANG_ANALYZER_NUMBER_OBJECT_CONVERSION = YES_AGGRESSIVE;
				CLANG_CXX_LANGUAGE_STANDARD = "gnu++17";
				CLANG_CXX_LIBRARY = "libc++";
				CLANG_ENABLE_MODULES = YES;
				CLANG_ENABLE_OBJC_ARC = YES;
				CLANG_ENABLE_OBJC_WEAK = YES;
				CLANG_WARN_BLOCK_CAPTURE_AUTORELEASING = YES;
				CLANG_WARN_BOOL_CONVERSION = YES;
				CLANG_WARN_COMMA = YES;
				CLANG_WARN_CONSTANT_CONVERSION = YES;
				CLANG_WARN_DEPRECATED_OBJC_IMPLEMENTATIONS = YES;
				CLANG_WARN_DIRECT_OBJC_ISA_USAGE = YES_ERROR;
				CLANG_WARN_DOCUMENTATION_COMMENTS = YES;
				CLANG_WARN_EMPTY_BODY = YES;
				CLANG_WARN_ENUM_CONVERSION = YES;
				CLANG_WARN_INFINITE_RECURSION = YES;
				CLANG_WARN_INT_CONVERSION = YES;
				CLANG_WARN_NON_LITERAL_NULL_CONVERSION = YES;
				CLANG_WARN_OBJC_IMPLICIT_RETAIN_SELF = YES;
				CLANG_WARN_OBJC_LITERAL_CONVERSION = YES;
				CLANG_WARN_OBJC_ROOT_CLASS = YES_ERROR;
				CLANG_WARN_QUOTED_INCLUDE_IN_FRAMEWORK_HEADER = YES;
				CLANG_WARN_RANGE_LOOP_ANALYSIS = YES;
				CLANG_WARN_STRICT_PROTOTYPES = YES;
				CLANG_WARN_SUSPICIOUS_MOVE = YES;
				CLANG_WARN_UNGUARDED_AVAILABILITY = YES_AGGRESSIVE;
				CLANG_WARN_UNREACHABLE_CODE = YES;
				CLANG_WARN__DUPLICATE_METHOD_MATCH = YES;
				COPY_PHASE_STRIP = NO;
				DEBUG_INFORMATION_FORMAT = dwarf;
				ENABLE_STRICT_OBJC_MSGSEND = YES;
				ENABLE_TESTABILITY = YES;
				GCC_C_LANGUAGE_STANDARD = gnu11;
				GCC_DYNAMIC_NO_PIC = NO;
				GCC_NO_COMMON_BLOCKS = YES;
				GCC_OPTIMIZATION_LEVEL = 0;
				GCC_PREPROCESSOR_DEFINITIONS = (
					"DEBUG=1",
					"$(inherited)",
				);
				GCC_WARN_64_TO_32_BIT_CONVERSION = YES;
				GCC_WARN_ABOUT_RETURN_TYPE = YES_ERROR;
				GCC_WARN_UNDECLARED_SELECTOR = YES;
				GCC_WARN_UNINITIALIZED_AUTOS = YES_AGGRESSIVE;
				GCC_WARN_UNUSED_FUNCTION = YES;
				GCC_WARN_UNUSED_VARIABLE = YES;
				IPHONEOS_DEPLOYMENT_TARGET = 15.2;
				MTL_ENABLE_DEBUG_INFO = INCLUDE_SOURCE;
				MTL_FAST_MATH = YES;
				ONLY_ACTIVE_ARCH = YES;
				SDKROOT = iphoneos;
				SWIFT_ACTIVE_COMPILATION_CONDITIONS = DEBUG;
				SWIFT_OPTIMIZATION_LEVEL = "-Onone";
			};
			name = Debug;
		};
		82DCDC6F288940F80056AB83 /* Release */ = {
			isa = XCBuildConfiguration;
			buildSettings = {
				ALWAYS_SEARCH_USER_PATHS = NO;
				CLANG_ANALYZER_NONNULL = YES;
				CLANG_ANALYZER_NUMBER_OBJECT_CONVERSION = YES_AGGRESSIVE;
				CLANG_CXX_LANGUAGE_STANDARD = "gnu++17";
				CLANG_CXX_LIBRARY = "libc++";
				CLANG_ENABLE_MODULES = YES;
				CLANG_ENABLE_OBJC_ARC = YES;
				CLANG_ENABLE_OBJC_WEAK = YES;
				CLANG_WARN_BLOCK_CAPTURE_AUTORELEASING = YES;
				CLANG_WARN_BOOL_CONVERSION = YES;
				CLANG_WARN_COMMA = YES;
				CLANG_WARN_CONSTANT_CONVERSION = YES;
				CLANG_WARN_DEPRECATED_OBJC_IMPLEMENTATIONS = YES;
				CLANG_WARN_DIRECT_OBJC_ISA_USAGE = YES_ERROR;
				CLANG_WARN_DOCUMENTATION_COMMENTS = YES;
				CLANG_WARN_EMPTY_BODY = YES;
				CLANG_WARN_ENUM_CONVERSION = YES;
				CLANG_WARN_INFINITE_RECURSION = YES;
				CLANG_WARN_INT_CONVERSION = YES;
				CLANG_WARN_NON_LITERAL_NULL_CONVERSION = YES;
				CLANG_WARN_OBJC_IMPLICIT_RETAIN_SELF = YES;
				CLANG_WARN_OBJC_LITERAL_CONVERSION = YES;
				CLANG_WARN_OBJC_ROOT_CLASS = YES_ERROR;
				CLANG_WARN_QUOTED_INCLUDE_IN_FRAMEWORK_HEADER = YES;
				CLANG_WARN_RANGE_LOOP_ANALYSIS = YES;
				CLANG_WARN_STRICT_PROTOTYPES = YES;
				CLANG_WARN_SUSPICIOUS_MOVE = YES;
				CLANG_WARN_UNGUARDED_AVAILABILITY = YES_AGGRESSIVE;
				CLANG_WARN_UNREACHABLE_CODE = YES;
				CLANG_WARN__DUPLICATE_METHOD_MATCH = YES;
				COPY_PHASE_STRIP = NO;
				DEBUG_INFORMATION_FORMAT = "dwarf-with-dsym";
				ENABLE_NS_ASSERTIONS = NO;
				ENABLE_STRICT_OBJC_MSGSEND = YES;
				GCC_C_LANGUAGE_STANDARD = gnu11;
				GCC_NO_COMMON_BLOCKS = YES;
				GCC_WARN_64_TO_32_BIT_CONVERSION = YES;
				GCC_WARN_ABOUT_RETURN_TYPE = YES_ERROR;
				GCC_WARN_UNDECLARED_SELECTOR = YES;
				GCC_WARN_UNINITIALIZED_AUTOS = YES_AGGRESSIVE;
				GCC_WARN_UNUSED_FUNCTION = YES;
				GCC_WARN_UNUSED_VARIABLE = YES;
				IPHONEOS_DEPLOYMENT_TARGET = 15.2;
				MTL_ENABLE_DEBUG_INFO = NO;
				MTL_FAST_MATH = YES;
				SDKROOT = iphoneos;
				SWIFT_COMPILATION_MODE = wholemodule;
				SWIFT_OPTIMIZATION_LEVEL = "-O";
				VALIDATE_PRODUCT = YES;
			};
			name = Release;
		};
		82DCDC71288940F80056AB83 /* Debug */ = {
			isa = XCBuildConfiguration;
			buildSettings = {
				ASSETCATALOG_COMPILER_APPICON_NAME = AppIcon;
				ASSETCATALOG_COMPILER_GLOBAL_ACCENT_COLOR_NAME = AccentColor;
				CODE_SIGN_STYLE = Automatic;
				CURRENT_PROJECT_VERSION = 1;
				DEVELOPMENT_TEAM = AQKCQ33V6N;
				GENERATE_INFOPLIST_FILE = YES;
				INFOPLIST_FILE = Messenger/Info.plist;
				INFOPLIST_KEY_UIApplicationSupportsIndirectInputEvents = YES;
				INFOPLIST_KEY_UILaunchStoryboardName = LaunchScreen;
				INFOPLIST_KEY_UIMainStoryboardFile = Main;
				INFOPLIST_KEY_UISupportedInterfaceOrientations_iPad = "UIInterfaceOrientationPortrait UIInterfaceOrientationPortraitUpsideDown UIInterfaceOrientationLandscapeLeft UIInterfaceOrientationLandscapeRight";
				INFOPLIST_KEY_UISupportedInterfaceOrientations_iPhone = "UIInterfaceOrientationPortrait UIInterfaceOrientationLandscapeLeft UIInterfaceOrientationLandscapeRight";
				IPHONEOS_DEPLOYMENT_TARGET = 13.0;
				LD_RUNPATH_SEARCH_PATHS = (
					"$(inherited)",
					"@executable_path/Frameworks",
				);
				MARKETING_VERSION = 1.0;
				PRODUCT_BUNDLE_IDENTIFIER = com.ThinhNguyenPhuc.Messenger;
				PRODUCT_NAME = "$(TARGET_NAME)";
				SWIFT_EMIT_LOC_STRINGS = YES;
				SWIFT_VERSION = 5.0;
				TARGETED_DEVICE_FAMILY = "1,2";
			};
			name = Debug;
		};
		82DCDC72288940F80056AB83 /* Release */ = {
			isa = XCBuildConfiguration;
			buildSettings = {
				ASSETCATALOG_COMPILER_APPICON_NAME = AppIcon;
				ASSETCATALOG_COMPILER_GLOBAL_ACCENT_COLOR_NAME = AccentColor;
				CODE_SIGN_STYLE = Automatic;
				CURRENT_PROJECT_VERSION = 1;
				DEVELOPMENT_TEAM = AQKCQ33V6N;
				GENERATE_INFOPLIST_FILE = YES;
				INFOPLIST_FILE = Messenger/Info.plist;
				INFOPLIST_KEY_UIApplicationSupportsIndirectInputEvents = YES;
				INFOPLIST_KEY_UILaunchStoryboardName = LaunchScreen;
				INFOPLIST_KEY_UIMainStoryboardFile = Main;
				INFOPLIST_KEY_UISupportedInterfaceOrientations_iPad = "UIInterfaceOrientationPortrait UIInterfaceOrientationPortraitUpsideDown UIInterfaceOrientationLandscapeLeft UIInterfaceOrientationLandscapeRight";
				INFOPLIST_KEY_UISupportedInterfaceOrientations_iPhone = "UIInterfaceOrientationPortrait UIInterfaceOrientationLandscapeLeft UIInterfaceOrientationLandscapeRight";
				IPHONEOS_DEPLOYMENT_TARGET = 13.0;
				LD_RUNPATH_SEARCH_PATHS = (
					"$(inherited)",
					"@executable_path/Frameworks",
				);
				MARKETING_VERSION = 1.0;
				PRODUCT_BUNDLE_IDENTIFIER = com.ThinhNguyenPhuc.Messenger;
				PRODUCT_NAME = "$(TARGET_NAME)";
				SWIFT_EMIT_LOC_STRINGS = YES;
				SWIFT_VERSION = 5.0;
				TARGETED_DEVICE_FAMILY = "1,2";
			};
			name = Release;
		};
/* End XCBuildConfiguration section */

/* Begin XCConfigurationList section */
		82DCDC57288940F50056AB83 /* Build configuration list for PBXProject "Messenger" */ = {
			isa = XCConfigurationList;
			buildConfigurations = (
				82DCDC6E288940F80056AB83 /* Debug */,
				82DCDC6F288940F80056AB83 /* Release */,
			);
			defaultConfigurationIsVisible = 0;
			defaultConfigurationName = Release;
		};
		82DCDC70288940F80056AB83 /* Build configuration list for PBXNativeTarget "Messenger" */ = {
			isa = XCConfigurationList;
			buildConfigurations = (
				82DCDC71288940F80056AB83 /* Debug */,
				82DCDC72288940F80056AB83 /* Release */,
			);
			defaultConfigurationIsVisible = 0;
			defaultConfigurationName = Release;
		};
/* End XCConfigurationList section */
	};
	rootObject = 82DCDC54288940F50056AB83 /* Project object */;
}
